
Microsoft Visual Studio Solution File, Format Version 12.00
# Visual Studio Version 16
VisualStudioVersion = 16.0.29424.173
MinimumVisualStudioVersion = 10.0.40219.1
Project("{FAE04EC0-301F-11D3-BF4B-00C04F79EFBC}") = "Muzyaka", "Muzyuka\Muzyaka.csproj", "{E09EBECE-ED3D-40AA-B1BC-B8216985E1A5}"
EndProject
Global
	GlobalSection(SolutionConfigurationPlatforms) = preSolution
		Debug|Any CPU = Debug|Any CPU
		Release|Any CPU = Release|Any CPU
	EndGlobalSection
	GlobalSection(ProjectConfigurationPlatforms) = postSolution
		{E09EBECE-ED3D-40AA-B1BC-B8216985E1A5}.Debug|Any CPU.ActiveCfg = Debug|Any CPU
		{E09EBECE-ED3D-40AA-B1BC-B8216985E1A5}.Debug|Any CPU.Build.0 = Debug|Any CPU
		{E09EBECE-ED3D-40AA-B1BC-B8216985E1A5}.Release|Any CPU.ActiveCfg = Release|Any CPU
		{E09EBECE-ED3D-40AA-B1BC-B8216985E1A5}.Release|Any CPU.Build.0 = Release|Any CPU
	EndGlobalSection
	GlobalSection(SolutionProperties) = preSolution
		HideSolutionNode = FALSE
	EndGlobalSection
	GlobalSection(ExtensibilityGlobals) = postSolution
		SolutionGuid = {A17967A2-6C20-471B-B490-41B07EE0F1A4}
	EndGlobalSection
EndGlobal
